
Microsoft Visual Studio Solution File, Format Version 12.00
# Visual Studio Version 17
VisualStudioVersion = 17.10.35027.167
MinimumVisualStudioVersion = 10.0.40219.1
Project("{FAE04EC0-301F-11D3-BF4B-00C04F79EFBC}") = "ExerciseInAccessSettings", "ExerciseInAccessSettings\ExerciseInAccessSettings.csproj", "{86FD1275-3FB1-4068-A3AA-A67B518F1E0B}"
EndProject
Global
	GlobalSection(SolutionConfigurationPlatforms) = preSolution
		Debug|Any CPU = Debug|Any CPU
		Release|Any CPU = Release|Any CPU
	EndGlobalSection
	GlobalSection(ProjectConfigurationPlatforms) = postSolution
		{86FD1275-3FB1-4068-A3AA-A67B518F1E0B}.Debug|Any CPU.ActiveCfg = Debug|Any CPU
		{86FD1275-3FB1-4068-A3AA-A67B518F1E0B}.Debug|Any CPU.Build.0 = Debug|Any CPU
		{86FD1275-3FB1-4068-A3AA-A67B518F1E0B}.Release|Any CPU.ActiveCfg = Release|Any CPU
		{86FD1275-3FB1-4068-A3AA-A67B518F1E0B}.Release|Any CPU.Build.0 = Release|Any CPU
	EndGlobalSection
	GlobalSection(SolutionProperties) = preSolution
		HideSolutionNode = FALSE
	EndGlobalSection
	GlobalSection(ExtensibilityGlobals) = postSolution
		SolutionGuid = {1889834E-A537-46E3-8BE6-5ADE1BAAA695}
	EndGlobalSection
EndGlobal
